
Microsoft Visual Studio Solution File, Format Version 12.00
# Visual Studio Version 17
VisualStudioVersion = 17.14.36414.22 d17.14
MinimumVisualStudioVersion = 10.0.40219.1
Project("{FAE04EC0-301F-11D3-BF4B-00C04F79EFBC}") = "BobaShop.Api", "BobaShop.Api\BobaShop.Api.csproj", "{082D3025-4257-411A-9BC5-4086D3C6AE14}"
EndProject
Project("{FAE04EC0-301F-11D3-BF4B-00C04F79EFBC}") = "BobaShop.Web", "BobaShop.Web\BobaShop.Web.csproj", "{C6F24C16-97C7-4788-9303-F13055CA92BC}"
EndProject
Global
	GlobalSection(SolutionConfigurationPlatforms) = preSolution
		Debug|Any CPU = Debug|Any CPU
		Release|Any CPU = Release|Any CPU
	EndGlobalSection
	GlobalSection(ProjectConfigurationPlatforms) = postSolution
		{082D3025-4257-411A-9BC5-4086D3C6AE14}.Debug|Any CPU.ActiveCfg = Debug|Any CPU
		{082D3025-4257-411A-9BC5-4086D3C6AE14}.Debug|Any CPU.Build.0 = Debug|Any CPU
		{082D3025-4257-411A-9BC5-4086D3C6AE14}.Release|Any CPU.ActiveCfg = Release|Any CPU
		{082D3025-4257-411A-9BC5-4086D3C6AE14}.Release|Any CPU.Build.0 = Release|Any CPU
		{C6F24C16-97C7-4788-9303-F13055CA92BC}.Debug|Any CPU.ActiveCfg = Debug|Any CPU
		{C6F24C16-97C7-4788-9303-F13055CA92BC}.Debug|Any CPU.Build.0 = Debug|Any CPU
		{C6F24C16-97C7-4788-9303-F13055CA92BC}.Release|Any CPU.ActiveCfg = Release|Any CPU
		{C6F24C16-97C7-4788-9303-F13055CA92BC}.Release|Any CPU.Build.0 = Release|Any CPU
	EndGlobalSection
	GlobalSection(SolutionProperties) = preSolution
		HideSolutionNode = FALSE
	EndGlobalSection
	GlobalSection(ExtensibilityGlobals) = postSolution
		SolutionGuid = {32F452AA-1A58-4275-A6EE-E9DCFA67A816}
	EndGlobalSection
EndGlobal
